// !$*UTF8*$!
{
	archiveVersion = 1;
	classes = {
	};
	objectVersion = 46;
	objects = {

/* Begin PBXBuildFile section */
		844B6AB01EC374AE00567564 /* AppDelegate.swift in Sources */ = {isa = PBXBuildFile; fileRef = 844B6AAF1EC374AE00567564 /* AppDelegate.swift */; };
		844B6AB21EC374AE00567564 /* ViewController.swift in Sources */ = {isa = PBXBuildFile; fileRef = 844B6AB11EC374AE00567564 /* ViewController.swift */; };
		844B6AB51EC374AE00567564 /* Main.storyboard in Resources */ = {isa = PBXBuildFile; fileRef = 844B6AB31EC374AE00567564 /* Main.storyboard */; };
		844B6AB71EC374AE00567564 /* Assets.xcassets in Resources */ = {isa = PBXBuildFile; fileRef = 844B6AB61EC374AE00567564 /* Assets.xcassets */; };
		844B6ABA1EC374AE00567564 /* LaunchScreen.storyboard in Resources */ = {isa = PBXBuildFile; fileRef = 844B6AB81EC374AE00567564 /* LaunchScreen.storyboard */; };
/* End PBXBuildFile section */

/* Begin PBXFileReference section */
		844B6AAC1EC374AE00567564 /* SpeechSiri.app */ = {isa = PBXFileReference; explicitFileType = wrapper.application; includeInIndex = 0; path = SpeechSiri.app; sourceTree = BUILT_PRODUCTS_DIR; };
		844B6AAF1EC374AE00567564 /* AppDelegate.swift */ = {isa = PBXFileReference; lastKnownFileType = sourcecode.swift; path = AppDelegate.swift; sourceTree = "<group>"; };
		844B6AB11EC374AE00567564 /* ViewController.swift */ = {isa = PBXFileReference; lastKnownFileType = sourcecode.swift; path = ViewController.swift; sourceTree = "<group>"; };
		844B6AB41EC374AE00567564 /* Base */ = {isa = PBXFileReference; lastKnownFileType = file.storyboard; name = Base; path = Base.lproj/Main.storyboard; sourceTree = "<group>"; };
		844B6AB61EC374AE00567564 /* Assets.xcassets */ = {isa = PBXFileReference; lastKnownFileType = folder.assetcatalog; path = Assets.xcassets; sourceTree = "<group>"; };
		844B6AB91EC374AE00567564 /* Base */ = {isa = PBXFileReference; lastKnownFileType = file.storyboard; name = Base; path = Base.lproj/LaunchScreen.storyboard; sourceTree = "<group>"; };
		844B6ABB1EC374AE00567564 /* Info.plist */ = {isa = PBXFileReference; lastKnownFileType = text.plist.xml; path = Info.plist; sourceTree = "<group>"; };
/* End PBXFileReference section */

/* Begin PBXFrameworksBuildPhase section */
		844B6AA91EC374AE00567564 /* Frameworks */ = {
			isa = PBXFrameworksBuildPhase;
			buildActionMask = 2147483647;
			files = (
			);
			runOnlyForDeploymentPostprocessing = 0;
		};
/* End PBXFrameworksBuildPhase section */

/* Begin PBXGroup section */
		844B6AA31EC374AE00567564 = {
			isa = PBXGroup;
			children = (
				844B6AAE1EC374AE00567564 /* SpeechSiri */,
				844B6AAD1EC374AE00567564 /* Products */,
			);
			sourceTree = "<group>";
		};
		844B6AAD1EC374AE00567564 /* Products */ = {
			isa = PBXGroup;
			children = (
				844B6AAC1EC374AE00567564 /* SpeechSiri.app */,
			);
			name = Products;
			sourceTree = "<group>";
		};
		844B6AAE1EC374AE00567564 /* SpeechSiri */ = {
			isa = PBXGroup;
			children = (
				844B6AAF1EC374AE00567564 /* AppDelegate.swift */,
				844B6AB11EC374AE00567564 /* ViewController.swift */,
				844B6AB31EC374AE00567564 /* Main.storyboard */,
				844B6AB61EC374AE00567564 /* Assets.xcassets */,
				844B6AB81EC374AE00567564 /* LaunchScreen.storyboard */,
				844B6ABB1EC374AE00567564 /* Info.plist */,
			);
			path = SpeechSiri;
			sourceTree = "<group>";
		};
/* End PBXGroup section */

/* Begin PBXNativeTarget section */
		844B6AAB1EC374AE00567564 /* SpeechSiri */ = {
			isa = PBXNativeTarget;
			buildConfigurationList = 844B6ABE1EC374AE00567564 /* Build configuration list for PBXNativeTarget "SpeechSiri" */;
			buildPhases = (
				844B6AA81EC374AE00567564 /* Sources */,
				844B6AA91EC374AE00567564 /* Frameworks */,
				844B6AAA1EC374AE00567564 /* Resources */,
			);
			buildRules = (
			);
			dependencies = (
			);
			name = SpeechSiri;
			productName = SpeechSiri;
			productReference = 844B6AAC1EC374AE00567564 /* SpeechSiri.app */;
			productType = "com.apple.product-type.application";
		};
/* End PBXNativeTarget section */

/* Begin PBXProject section */
		844B6AA41EC374AE00567564 /* Project object */ = {
			isa = PBXProject;
			attributes = {
				LastSwiftUpdateCheck = 0820;
				LastUpgradeCheck = 0820;
				ORGANIZATIONNAME = zfan;
				TargetAttributes = {
					844B6AAB1EC374AE00567564 = {
						CreatedOnToolsVersion = 8.2.1;
						DevelopmentTeam = 9VLNA5G8PG;
						ProvisioningStyle = Automatic;
					};
				};
			};
			buildConfigurationList = 844B6AA71EC374AE00567564 /* Build configuration list for PBXProject "SpeechSiri" */;
			compatibilityVersion = "Xcode 3.2";
			developmentRegion = English;
			hasScannedForEncodings = 0;
			knownRegions = (
				en,
				Base,
			);
			mainGroup = 844B6AA31EC374AE00567564;
			productRefGroup = 844B6AAD1EC374AE00567564 /* Products */;
			projectDirPath = "";
			projectRoot = "";
			targets = (
				844B6AAB1EC374AE00567564 /* SpeechSiri */,
			);
		};
/* End PBXProject section */

/* Begin PBXResourcesBuildPhase section */
		844B6AAA1EC374AE00567564 /* Resources */ = {
			isa = PBXResourcesBuildPhase;
			buildActionMask = 2147483647;
			files = (
				844B6ABA1EC374AE00567564 /* LaunchScreen.storyboard in Resources */,
				844B6AB71EC374AE00567564 /* Assets.xcassets in Resources */,
				844B6AB51EC374AE00567564 /* Main.storyboard in Resources */,
			);
			runOnlyForDeploymentPostprocessing = 0;
		};
/* End PBXResourcesBuildPhase section */

/* Begin PBXSourcesBuildPhase section */
		844B6AA81EC374AE00567564 /* Sources */ = {
			isa = PBXSourcesBuildPhase;
			buildActionMask = 2147483647;
			files = (
				844B6AB21EC374AE00567564 /* ViewController.swift in Sources */,
				844B6AB01EC374AE00567564 /* AppDelegate.swift in Sources */,
			);
			runOnlyForDeploymentPostprocessing = 0;
		};
/* End PBXSourcesBuildPhase section */

/* Begin PBXVariantGroup section */
		844B6AB31EC374AE00567564 /* Main.storyboard */ = {
			isa = PBXVariantGroup;
			children = (
				844B6AB41EC374AE00567564 /* Base */,
			);
			name = Main.storyboard;
			sourceTree = "<group>";
		};
		844B6AB81EC374AE00567564 /* LaunchScreen.storyboard */ = {
			isa = PBXVariantGroup;
			children = (
				844B6AB91EC374AE00567564 /* Base */,
			);
			name = LaunchScreen.storyboard;
			sourceTree = "<group>";
		};
/* End PBXVariantGroup section */

/* Begin XCBuildConfiguration section */
		844B6ABC1EC374AE00567564 /* Debug */ = {
			isa = XCBuildConfiguration;
			buildSettings = {
				ALWAYS_SEARCH_USER_PATHS = NO;
				CLANG_ANALYZER_NONNULL = YES;
				CLANG_CXX_LANGUAGE_STANDARD = "gnu++0x";
				CLANG_CXX_LIBRARY = "libc++";
				CLANG_ENABLE_MODULES = YES;
				CLANG_ENABLE_OBJC_ARC = YES;
				CLANG_WARN_BOOL_CONVERSION = YES;
				CLANG_WARN_CONSTANT_CONVERSION = YES;
				CLANG_WARN_DIRECT_OBJC_ISA_USAGE = YES_ERROR;
				CLANG_WARN_DOCUMENTATION_COMMENTS = YES;
				CLANG_WARN_EMPTY_BODY = YES;
				CLANG_WARN_ENUM_CONVERSION = YES;
				CLANG_WARN_INFINITE_RECURSION = YES;
				CLANG_WARN_INT_CONVERSION = YES;
				CLANG_WARN_OBJC_ROOT_CLASS = YES_ERROR;
				CLANG_WARN_SUSPICIOUS_MOVE = YES;
				CLANG_WARN_UNREACHABLE_CODE = YES;
				CLANG_WARN__DUPLICATE_METHOD_MATCH = YES;
				"CODE_SIGN_IDENTITY[sdk=iphoneos*]" = "iPhone Developer";
				COPY_PHASE_STRIP = NO;
				DEBUG_INFORMATION_FORMAT = dwarf;
				ENABLE_STRICT_OBJC_MSGSEND = YES;
				ENABLE_TESTABILITY = YES;
				GCC_C_LANGUAGE_STANDARD = gnu99;
				GCC_DYNAMIC_NO_PIC = NO;
				GCC_NO_COMMON_BLOCKS = YES;
				GCC_OPTIMIZATION_LEVEL = 0;
				GCC_PREPROCESSOR_DEFINITIONS = (
					"DEBUG=1",
					"$(inherited)",
				);
				GCC_WARN_64_TO_32_BIT_CONVERSION = YES;
				GCC_WARN_ABOUT_RETURN_TYPE = YES_ERROR;
				GCC_WARN_UNDECLARED_SELECTOR = YES;
				GCC_WARN_UNINITIALIZED_AUTOS = YES_AGGRESSIVE;
				GCC_WARN_UNUSED_FUNCTION = YES;
				GCC_WARN_UNUSED_VARIABLE = YES;
				IPHONEOS_DEPLOYMENT_TARGET = 10.2;
				MTL_ENABLE_DEBUG_INFO = YES;
				ONLY_ACTIVE_ARCH = YES;
				SDKROOT = iphoneos;
				SWIFT_ACTIVE_COMPILATION_CONDITIONS = DEBUG;
				SWIFT_OPTIMIZATION_LEVEL = "-Onone";
			};
			name = Debug;
		};
		844B6ABD1EC374AE00567564 /* Release */ = {
			isa = XCBuildConfiguration;
			buildSettings = {
				ALWAYS_SEARCH_USER_PATHS = NO;
				CLANG_ANALYZER_NONNULL = YES;
				CLANG_CXX_LANGUAGE_STANDARD = "gnu++0x";
				CLANG_CXX_LIBRARY = "libc++";
				CLANG_ENABLE_MODULES = YES;
				CLANG_ENABLE_OBJC_ARC = YES;
				CLANG_WARN_BOOL_CONVERSION = YES;
				CLANG_WARN_CONSTANT_CONVERSION = YES;
				CLANG_WARN_DIRECT_OBJC_ISA_USAGE = YES_ERROR;
				CLANG_WARN_DOCUMENTATION_COMMENTS = YES;
				CLANG_WARN_EMPTY_BODY = YES;
				CLANG_WARN_ENUM_CONVERSION = YES;
				CLANG_WARN_INFINITE_RECURSION = YES;
				CLANG_WARN_INT_CONVERSION = YES;
				CLANG_WARN_OBJC_ROOT_CLASS = YES_ERROR;
				CLANG_WARN_SUSPICIOUS_MOVE = YES;
				CLANG_WARN_UNREACHABLE_CODE = YES;
				CLANG_WARN__DUPLICATE_METHOD_MATCH = YES;
				"CODE_SIGN_IDENTITY[sdk=iphoneos*]" = "iPhone Developer";
				COPY_PHASE_STRIP = NO;
				DEBUG_INFORMATION_FORMAT = "dwarf-with-dsym";
				ENABLE_NS_ASSERTIONS = NO;
				ENABLE_STRICT_OBJC_MSGSEND = YES;
				GCC_C_LANGUAGE_STANDARD = gnu99;
				GCC_NO_COMMON_BLOCKS = YES;
				GCC_WARN_64_TO_32_BIT_CONVERSION = YES;
				GCC_WARN_ABOUT_RETURN_TYPE = YES_ERROR;
				GCC_WARN_UNDECLARED_SELECTOR = YES;
				GCC_WARN_UNINITIALIZED_AUTOS = YES_AGGRESSIVE;
				GCC_WARN_UNUSED_FUNCTION = YES;
				GCC_WARN_UNUSED_VARIABLE = YES;
				IPHONEOS_DEPLOYMENT_TARGET = 10.2;
				MTL_ENABLE_DEBUG_INFO = NO;
				SDKROOT = iphoneos;
				SWIFT_OPTIMIZATION_LEVEL = "-Owholemodule";
				VALIDATE_PRODUCT = YES;
			};
			name = Release;
		};
		844B6ABF1EC374AE00567564 /* Debug */ = {
			isa = XCBuildConfiguration;
			buildSettings = {
				ASSETCATALOG_COMPILER_APPICON_NAME = AppIcon;
				DEVELOPMENT_TEAM = 9VLNA5G8PG;
				INFOPLIST_FILE = SpeechSiri/Info.plist;
				LD_RUNPATH_SEARCH_PATHS = "$(inherited) @executable_path/Frameworks";
				PRODUCT_BUNDLE_IDENTIFIER = zfxj0902.SpeechSiri;
				PRODUCT_NAME = "$(TARGET_NAME)";
				SWIFT_VERSION = 3.0;
			};
			name = Debug;
		};
		844B6AC01EC374AE00567564 /* Release */ = {
			isa = XCBuildConfiguration;
			buildSettings = {
				ASSETCATALOG_COMPILER_APPICON_NAME = AppIcon;
				DEVELOPMENT_TEAM = 9VLNA5G8PG;
				INFOPLIST_FILE = SpeechSiri/Info.plist;
				LD_RUNPATH_SEARCH_PATHS = "$(inherited) @executable_path/Frameworks";
				PRODUCT_BUNDLE_IDENTIFIER = zfxj0902.SpeechSiri;
				PRODUCT_NAME = "$(TARGET_NAME)";
				SWIFT_VERSION = 3.0;
			};
			name = Release;
		};
/* End XCBuildConfiguration section */

/* Begin XCConfigurationList section */
		844B6AA71EC374AE00567564 /* Build configuration list for PBXProject "SpeechSiri" */ = {
			isa = XCConfigurationList;
			buildConfigurations = (
				844B6ABC1EC374AE00567564 /* Debug */,
				844B6ABD1EC374AE00567564 /* Release */,
			);
			defaultConfigurationIsVisible = 0;
			defaultConfigurationName = Release;
		};
		844B6ABE1EC374AE00567564 /* Build configuration list for PBXNativeTarget "SpeechSiri" */ = {
			isa = XCConfigurationList;
			buildConfigurations = (
				844B6ABF1EC374AE00567564 /* Debug */,
				844B6AC01EC374AE00567564 /* Release */,
			);
			defaultConfigurationIsVisible = 0;
		};
/* End XCConfigurationList section */
	};
	rootObject = 844B6AA41EC374AE00567564 /* Project object */;
}
